// !$*UTF8*$!
{
	archiveVersion = 1;
	classes = {
	};
	objectVersion = 51;
	objects = {

/* Begin PBXBuildFile section */
		6BB4293023D89300008246D2 /* AppDelegate.swift in Sources */ = {isa = PBXBuildFile; fileRef = 6BB4292F23D89300008246D2 /* AppDelegate.swift */; };
		6BB4293223D89300008246D2 /* SceneDelegate.swift in Sources */ = {isa = PBXBuildFile; fileRef = 6BB4293123D89300008246D2 /* SceneDelegate.swift */; };
		6BB4293423D89300008246D2 /* PostsViewController.swift in Sources */ = {isa = PBXBuildFile; fileRef = 6BB4293323D89300008246D2 /* PostsViewController.swift */; };
		6BB4293723D89300008246D2 /* Main.storyboard in Resources */ = {isa = PBXBuildFile; fileRef = 6BB4293523D89300008246D2 /* Main.storyboard */; };
		6BB4293923D89301008246D2 /* Assets.xcassets in Resources */ = {isa = PBXBuildFile; fileRef = 6BB4293823D89301008246D2 /* Assets.xcassets */; };
		6BB4293C23D89301008246D2 /* LaunchScreen.storyboard in Resources */ = {isa = PBXBuildFile; fileRef = 6BB4293A23D89301008246D2 /* LaunchScreen.storyboard */; };
		6BB4294723D89AAD008246D2 /* Post.swift in Sources */ = {isa = PBXBuildFile; fileRef = 6BB4294623D89AAD008246D2 /* Post.swift */; };
		6BB4294A23D8A28A008246D2 /* PostSerializer.swift in Sources */ = {isa = PBXBuildFile; fileRef = 6BB4294923D8A28A008246D2 /* PostSerializer.swift */; };
		6BB4294C23D9BF09008246D2 /* PostCell.xib in Resources */ = {isa = PBXBuildFile; fileRef = 6BB4294B23D9BF09008246D2 /* PostCell.xib */; };
		6BB4294F23D9BF56008246D2 /* PostCell.swift in Sources */ = {isa = PBXBuildFile; fileRef = 6BB4294E23D9BF56008246D2 /* PostCell.swift */; };
		6BB4295123D9EC55008246D2 /* NetworkService.swift in Sources */ = {isa = PBXBuildFile; fileRef = 6BB4295023D9EC55008246D2 /* NetworkService.swift */; };
		86331309EC9546FCD42B39AD /* Pods_K3.framework in Frameworks */ = {isa = PBXBuildFile; fileRef = 67FA0C31EA0F73573CEF0DDD /* Pods_K3.framework */; };
		D95242C123DC7BA800DB1A53 /* Image.swift in Sources */ = {isa = PBXBuildFile; fileRef = D95242C023DC7BA800DB1A53 /* Image.swift */; };
		D99E990123DCDBA500D7649B /* AlertView.swift in Sources */ = {isa = PBXBuildFile; fileRef = D99E990023DCDBA500D7649B /* AlertView.swift */; };
		D9D8E3AF23DCD03400A661B3 /* PostsPresenter.swift in Sources */ = {isa = PBXBuildFile; fileRef = D9D8E3AE23DCD03400A661B3 /* PostsPresenter.swift */; };
/* End PBXBuildFile section */

/* Begin PBXFileReference section */
		61CED8C9C11F29DF71BF7C5D /* Pods-K3.debug.xcconfig */ = {isa = PBXFileReference; includeInIndex = 1; lastKnownFileType = text.xcconfig; name = "Pods-K3.debug.xcconfig"; path = "Target Support Files/Pods-K3/Pods-K3.debug.xcconfig"; sourceTree = "<group>"; };
		67FA0C31EA0F73573CEF0DDD /* Pods_K3.framework */ = {isa = PBXFileReference; explicitFileType = wrapper.framework; includeInIndex = 0; path = Pods_K3.framework; sourceTree = BUILT_PRODUCTS_DIR; };
		6BB4292C23D89300008246D2 /* K3.app */ = {isa = PBXFileReference; explicitFileType = wrapper.application; includeInIndex = 0; path = K3.app; sourceTree = BUILT_PRODUCTS_DIR; };
		6BB4292F23D89300008246D2 /* AppDelegate.swift */ = {isa = PBXFileReference; lastKnownFileType = sourcecode.swift; path = AppDelegate.swift; sourceTree = "<group>"; };
		6BB4293123D89300008246D2 /* SceneDelegate.swift */ = {isa = PBXFileReference; lastKnownFileType = sourcecode.swift; path = SceneDelegate.swift; sourceTree = "<group>"; };
		6BB4293323D89300008246D2 /* PostsViewController.swift */ = {isa = PBXFileReference; lastKnownFileType = sourcecode.swift; path = PostsViewController.swift; sourceTree = "<group>"; };
		6BB4293623D89300008246D2 /* Base */ = {isa = PBXFileReference; lastKnownFileType = file.storyboard; name = Base; path = Base.lproj/Main.storyboard; sourceTree = "<group>"; };
		6BB4293823D89301008246D2 /* Assets.xcassets */ = {isa = PBXFileReference; lastKnownFileType = folder.assetcatalog; path = Assets.xcassets; sourceTree = "<group>"; };
		6BB4293B23D89301008246D2 /* Base */ = {isa = PBXFileReference; lastKnownFileType = file.storyboard; name = Base; path = Base.lproj/LaunchScreen.storyboard; sourceTree = "<group>"; };
		6BB4293D23D89301008246D2 /* Info.plist */ = {isa = PBXFileReference; lastKnownFileType = text.plist.xml; path = Info.plist; sourceTree = "<group>"; };
		6BB4294623D89AAD008246D2 /* Post.swift */ = {isa = PBXFileReference; lastKnownFileType = sourcecode.swift; path = Post.swift; sourceTree = "<group>"; };
		6BB4294923D8A28A008246D2 /* PostSerializer.swift */ = {isa = PBXFileReference; lastKnownFileType = sourcecode.swift; path = PostSerializer.swift; sourceTree = "<group>"; };
		6BB4294B23D9BF09008246D2 /* PostCell.xib */ = {isa = PBXFileReference; lastKnownFileType = file.xib; path = PostCell.xib; sourceTree = "<group>"; };
		6BB4294E23D9BF56008246D2 /* PostCell.swift */ = {isa = PBXFileReference; lastKnownFileType = sourcecode.swift; path = PostCell.swift; sourceTree = "<group>"; };
		6BB4295023D9EC55008246D2 /* NetworkService.swift */ = {isa = PBXFileReference; lastKnownFileType = sourcecode.swift; path = NetworkService.swift; sourceTree = "<group>"; };
		B5F388CF6741BA6CF94E6187 /* Pods-K3.release.xcconfig */ = {isa = PBXFileReference; includeInIndex = 1; lastKnownFileType = text.xcconfig; name = "Pods-K3.release.xcconfig"; path = "Target Support Files/Pods-K3/Pods-K3.release.xcconfig"; sourceTree = "<group>"; };
		D95242C023DC7BA800DB1A53 /* Image.swift */ = {isa = PBXFileReference; lastKnownFileType = sourcecode.swift; path = Image.swift; sourceTree = "<group>"; };
		D99E990023DCDBA500D7649B /* AlertView.swift */ = {isa = PBXFileReference; lastKnownFileType = sourcecode.swift; path = AlertView.swift; sourceTree = "<group>"; };
		D9D8E3AE23DCD03400A661B3 /* PostsPresenter.swift */ = {isa = PBXFileReference; lastKnownFileType = sourcecode.swift; name = PostsPresenter.swift; path = K3/Presenter/PostsPresenter.swift; sourceTree = SOURCE_ROOT; };
/* End PBXFileReference section */

/* Begin PBXFrameworksBuildPhase section */
		6BB4292923D89300008246D2 /* Frameworks */ = {
			isa = PBXFrameworksBuildPhase;
			buildActionMask = 2147483647;
			files = (
				86331309EC9546FCD42B39AD /* Pods_K3.framework in Frameworks */,
			);
			runOnlyForDeploymentPostprocessing = 0;
		};
/* End PBXFrameworksBuildPhase section */

/* Begin PBXGroup section */
		6BB4292323D89300008246D2 = {
			isa = PBXGroup;
			children = (
				6BB4292E23D89300008246D2 /* K3 */,
				6BB4292D23D89300008246D2 /* Products */,
				C5625EFCFFE84D6F20937756 /* Pods */,
				8FC563C5A214A503E3D84E1F /* Frameworks */,
			);
			sourceTree = "<group>";
		};
		6BB4292D23D89300008246D2 /* Products */ = {
			isa = PBXGroup;
			children = (
				6BB4292C23D89300008246D2 /* K3.app */,
			);
			name = Products;
			sourceTree = "<group>";
		};
		6BB4292E23D89300008246D2 /* K3 */ = {
			isa = PBXGroup;
			children = (
				6BB4294823D8A277008246D2 /* Services */,
				6BB4294323D89A63008246D2 /* Model */,
				6BB4294423D89A6E008246D2 /* View */,
				D99E990223DCE5D600D7649B /* Presenter */,
				6BB4292F23D89300008246D2 /* AppDelegate.swift */,
				6BB4293123D89300008246D2 /* SceneDelegate.swift */,
				6BB4293823D89301008246D2 /* Assets.xcassets */,
				6BB4293A23D89301008246D2 /* LaunchScreen.storyboard */,
				6BB4293D23D89301008246D2 /* Info.plist */,
			);
			path = K3;
			sourceTree = "<group>";
		};
		6BB4294323D89A63008246D2 /* Model */ = {
			isa = PBXGroup;
			children = (
				6BB4294623D89AAD008246D2 /* Post.swift */,
				D95242C023DC7BA800DB1A53 /* Image.swift */,
			);
			path = Model;
			sourceTree = "<group>";
		};
		6BB4294423D89A6E008246D2 /* View */ = {
			isa = PBXGroup;
			children = (
				6BB4293323D89300008246D2 /* PostsViewController.swift */,
				6BB4293523D89300008246D2 /* Main.storyboard */,
				6BB4294D23D9BF42008246D2 /* Cell */,
				D99E98FF23DCDB9000D7649B /* Alert */,
			);
			path = View;
			sourceTree = "<group>";
		};
		6BB4294823D8A277008246D2 /* Services */ = {
			isa = PBXGroup;
			children = (
				6BB4294923D8A28A008246D2 /* PostSerializer.swift */,
				6BB4295023D9EC55008246D2 /* NetworkService.swift */,
			);
			path = Services;
			sourceTree = "<group>";
		};
		6BB4294D23D9BF42008246D2 /* Cell */ = {
			isa = PBXGroup;
			children = (
				6BB4294B23D9BF09008246D2 /* PostCell.xib */,
				6BB4294E23D9BF56008246D2 /* PostCell.swift */,
			);
			path = Cell;
			sourceTree = "<group>";
		};
		8FC563C5A214A503E3D84E1F /* Frameworks */ = {
			isa = PBXGroup;
			children = (
				67FA0C31EA0F73573CEF0DDD /* Pods_K3.framework */,
			);
			name = Frameworks;
			sourceTree = "<group>";
		};
		C5625EFCFFE84D6F20937756 /* Pods */ = {
			isa = PBXGroup;
			children = (
				61CED8C9C11F29DF71BF7C5D /* Pods-K3.debug.xcconfig */,
				B5F388CF6741BA6CF94E6187 /* Pods-K3.release.xcconfig */,
			);
			path = Pods;
			sourceTree = "<group>";
		};
		D99E98FF23DCDB9000D7649B /* Alert */ = {
			isa = PBXGroup;
			children = (
				D99E990023DCDBA500D7649B /* AlertView.swift */,
			);
			path = Alert;
			sourceTree = "<group>";
		};
		D99E990223DCE5D600D7649B /* Presenter */ = {
			isa = PBXGroup;
			children = (
				D9D8E3AE23DCD03400A661B3 /* PostsPresenter.swift */,
			);
			path = Presenter;
			sourceTree = "<group>";
		};
/* End PBXGroup section */

/* Begin PBXNativeTarget section */
		6BB4292B23D89300008246D2 /* K3 */ = {
			isa = PBXNativeTarget;
			buildConfigurationList = 6BB4294023D89301008246D2 /* Build configuration list for PBXNativeTarget "K3" */;
			buildPhases = (
				1661B05129B89B3FCF965482 /* [CP] Check Pods Manifest.lock */,
				6BB4292823D89300008246D2 /* Sources */,
				6BB4292923D89300008246D2 /* Frameworks */,
				6BB4292A23D89300008246D2 /* Resources */,
				646713E3BAD218237C8CF1B8 /* [CP] Embed Pods Frameworks */,
			);
			buildRules = (
			);
			dependencies = (
			);
			name = K3;
			productName = K3;
			productReference = 6BB4292C23D89300008246D2 /* K3.app */;
			productType = "com.apple.product-type.application";
		};
/* End PBXNativeTarget section */

/* Begin PBXProject section */
		6BB4292423D89300008246D2 /* Project object */ = {
			isa = PBXProject;
			attributes = {
				LastSwiftUpdateCheck = 1130;
				LastUpgradeCheck = 1130;
				ORGANIZATIONNAME = "Timur Koshevoy";
				TargetAttributes = {
					6BB4292B23D89300008246D2 = {
						CreatedOnToolsVersion = 11.3.1;
					};
				};
			};
			buildConfigurationList = 6BB4292723D89300008246D2 /* Build configuration list for PBXProject "K3" */;
			compatibilityVersion = "Xcode 9.3";
			developmentRegion = en;
			hasScannedForEncodings = 0;
			knownRegions = (
				en,
				Base,
			);
			mainGroup = 6BB4292323D89300008246D2;
			productRefGroup = 6BB4292D23D89300008246D2 /* Products */;
			projectDirPath = "";
			projectRoot = "";
			targets = (
				6BB4292B23D89300008246D2 /* K3 */,
			);
		};
/* End PBXProject section */

/* Begin PBXResourcesBuildPhase section */
		6BB4292A23D89300008246D2 /* Resources */ = {
			isa = PBXResourcesBuildPhase;
			buildActionMask = 2147483647;
			files = (
				6BB4293C23D89301008246D2 /* LaunchScreen.storyboard in Resources */,
				6BB4294C23D9BF09008246D2 /* PostCell.xib in Resources */,
				6BB4293923D89301008246D2 /* Assets.xcassets in Resources */,
				6BB4293723D89300008246D2 /* Main.storyboard in Resources */,
			);
			runOnlyForDeploymentPostprocessing = 0;
		};
/* End PBXResourcesBuildPhase section */

/* Begin PBXShellScriptBuildPhase section */
		1661B05129B89B3FCF965482 /* [CP] Check Pods Manifest.lock */ = {
			isa = PBXShellScriptBuildPhase;
			buildActionMask = 2147483647;
			files = (
			);
			inputFileListPaths = (
			);
			inputPaths = (
				"${PODS_PODFILE_DIR_PATH}/Podfile.lock",
				"${PODS_ROOT}/Manifest.lock",
			);
			name = "[CP] Check Pods Manifest.lock";
			outputFileListPaths = (
			);
			outputPaths = (
				"$(DERIVED_FILE_DIR)/Pods-K3-checkManifestLockResult.txt",
			);
			runOnlyForDeploymentPostprocessing = 0;
			shellPath = /bin/sh;
			shellScript = "diff \"${PODS_PODFILE_DIR_PATH}/Podfile.lock\" \"${PODS_ROOT}/Manifest.lock\" > /dev/null\nif [ $? != 0 ] ; then\n    # print error to STDERR\n    echo \"error: The sandbox is not in sync with the Podfile.lock. Run 'pod install' or update your CocoaPods installation.\" >&2\n    exit 1\nfi\n# This output is used by Xcode 'outputs' to avoid re-running this script phase.\necho \"SUCCESS\" > \"${SCRIPT_OUTPUT_FILE_0}\"\n";
			showEnvVarsInLog = 0;
		};
		646713E3BAD218237C8CF1B8 /* [CP] Embed Pods Frameworks */ = {
			isa = PBXShellScriptBuildPhase;
			buildActionMask = 2147483647;
			files = (
			);
			inputFileListPaths = (
				"${PODS_ROOT}/Target Support Files/Pods-K3/Pods-K3-frameworks-${CONFIGURATION}-input-files.xcfilelist",
			);
			name = "[CP] Embed Pods Frameworks";
			outputFileListPaths = (
				"${PODS_ROOT}/Target Support Files/Pods-K3/Pods-K3-frameworks-${CONFIGURATION}-output-files.xcfilelist",
			);
			runOnlyForDeploymentPostprocessing = 0;
			shellPath = /bin/sh;
			shellScript = "\"${PODS_ROOT}/Target Support Files/Pods-K3/Pods-K3-frameworks.sh\"\n";
			showEnvVarsInLog = 0;
		};
/* End PBXShellScriptBuildPhase section */

/* Begin PBXSourcesBuildPhase section */
		6BB4292823D89300008246D2 /* Sources */ = {
			isa = PBXSourcesBuildPhase;
			buildActionMask = 2147483647;
			files = (
				6BB4294A23D8A28A008246D2 /* PostSerializer.swift in Sources */,
				6BB4293423D89300008246D2 /* PostsViewController.swift in Sources */,
				6BB4293023D89300008246D2 /* AppDelegate.swift in Sources */,
				6BB4294F23D9BF56008246D2 /* PostCell.swift in Sources */,
				6BB4293223D89300008246D2 /* SceneDelegate.swift in Sources */,
				D9D8E3AF23DCD03400A661B3 /* PostsPresenter.swift in Sources */,
				D95242C123DC7BA800DB1A53 /* Image.swift in Sources */,
				6BB4294723D89AAD008246D2 /* Post.swift in Sources */,
				D99E990123DCDBA500D7649B /* AlertView.swift in Sources */,
				6BB4295123D9EC55008246D2 /* NetworkService.swift in Sources */,
			);
			runOnlyForDeploymentPostprocessing = 0;
		};
/* End PBXSourcesBuildPhase section */

/* Begin PBXVariantGroup section */
		6BB4293523D89300008246D2 /* Main.storyboard */ = {
			isa = PBXVariantGroup;
			children = (
				6BB4293623D89300008246D2 /* Base */,
			);
			name = Main.storyboard;
			sourceTree = "<group>";
		};
		6BB4293A23D89301008246D2 /* LaunchScreen.storyboard */ = {
			isa = PBXVariantGroup;
			children = (
				6BB4293B23D89301008246D2 /* Base */,
			);
			name = LaunchScreen.storyboard;
			sourceTree = "<group>";
		};
/* End PBXVariantGroup section */

/* Begin XCBuildConfiguration section */
		6BB4293E23D89301008246D2 /* Debug */ = {
			isa = XCBuildConfiguration;
			buildSettings = {
				ALWAYS_SEARCH_USER_PATHS = NO;
				CLANG_ANALYZER_NONNULL = YES;
				CLANG_ANALYZER_NUMBER_OBJECT_CONVERSION = YES_AGGRESSIVE;
				CLANG_CXX_LANGUAGE_STANDARD = "gnu++14";
				CLANG_CXX_LIBRARY = "libc++";
				CLANG_ENABLE_MODULES = YES;
				CLANG_ENABLE_OBJC_ARC = YES;
				CLANG_ENABLE_OBJC_WEAK = YES;
				CLANG_WARN_BLOCK_CAPTURE_AUTORELEASING = YES;
				CLANG_WARN_BOOL_CONVERSION = YES;
				CLANG_WARN_COMMA = YES;
				CLANG_WARN_CONSTANT_CONVERSION = YES;
				CLANG_WARN_DEPRECATED_OBJC_IMPLEMENTATIONS = YES;
				CLANG_WARN_DIRECT_OBJC_ISA_USAGE = YES_ERROR;
				CLANG_WARN_DOCUMENTATION_COMMENTS = YES;
				CLANG_WARN_EMPTY_BODY = YES;
				CLANG_WARN_ENUM_CONVERSION = YES;
				CLANG_WARN_INFINITE_RECURSION = YES;
				CLANG_WARN_INT_CONVERSION = YES;
				CLANG_WARN_NON_LITERAL_NULL_CONVERSION = YES;
				CLANG_WARN_OBJC_IMPLICIT_RETAIN_SELF = YES;
				CLANG_WARN_OBJC_LITERAL_CONVERSION = YES;
				CLANG_WARN_OBJC_ROOT_CLASS = YES_ERROR;
				CLANG_WARN_RANGE_LOOP_ANALYSIS = YES;
				CLANG_WARN_STRICT_PROTOTYPES = YES;
				CLANG_WARN_SUSPICIOUS_MOVE = YES;
				CLANG_WARN_UNGUARDED_AVAILABILITY = YES_AGGRESSIVE;
				CLANG_WARN_UNREACHABLE_CODE = YES;
				CLANG_WARN__DUPLICATE_METHOD_MATCH = YES;
				COPY_PHASE_STRIP = NO;
				DEBUG_INFORMATION_FORMAT = dwarf;
				ENABLE_STRICT_OBJC_MSGSEND = YES;
				ENABLE_TESTABILITY = YES;
				GCC_C_LANGUAGE_STANDARD = gnu11;
				GCC_DYNAMIC_NO_PIC = NO;
				GCC_NO_COMMON_BLOCKS = YES;
				GCC_OPTIMIZATION_LEVEL = 0;
				GCC_PREPROCESSOR_DEFINITIONS = (
					"DEBUG=1",
					"$(inherited)",
				);
				GCC_WARN_64_TO_32_BIT_CONVERSION = YES;
				GCC_WARN_ABOUT_RETURN_TYPE = YES_ERROR;
				GCC_WARN_UNDECLARED_SELECTOR = YES;
				GCC_WARN_UNINITIALIZED_AUTOS = YES_AGGRESSIVE;
				GCC_WARN_UNUSED_FUNCTION = YES;
				GCC_WARN_UNUSED_VARIABLE = YES;
				IPHONEOS_DEPLOYMENT_TARGET = 13.2;
				MTL_ENABLE_DEBUG_INFO = INCLUDE_SOURCE;
				MTL_FAST_MATH = YES;
				ONLY_ACTIVE_ARCH = YES;
				SDKROOT = iphoneos;
				SWIFT_ACTIVE_COMPILATION_CONDITIONS = DEBUG;
				SWIFT_OPTIMIZATION_LEVEL = "-Onone";
			};
			name = Debug;
		};
		6BB4293F23D89301008246D2 /* Release */ = {
			isa = XCBuildConfiguration;
			buildSettings = {
				ALWAYS_SEARCH_USER_PATHS = NO;
				CLANG_ANALYZER_NONNULL = YES;
				CLANG_ANALYZER_NUMBER_OBJECT_CONVERSION = YES_AGGRESSIVE;
				CLANG_CXX_LANGUAGE_STANDARD = "gnu++14";
				CLANG_CXX_LIBRARY = "libc++";
				CLANG_ENABLE_MODULES = YES;
				CLANG_ENABLE_OBJC_ARC = YES;
				CLANG_ENABLE_OBJC_WEAK = YES;
				CLANG_WARN_BLOCK_CAPTURE_AUTORELEASING = YES;
				CLANG_WARN_BOOL_CONVERSION = YES;
				CLANG_WARN_COMMA = YES;
				CLANG_WARN_CONSTANT_CONVERSION = YES;
				CLANG_WARN_DEPRECATED_OBJC_IMPLEMENTATIONS = YES;
				CLANG_WARN_DIRECT_OBJC_ISA_USAGE = YES_ERROR;
				CLANG_WARN_DOCUMENTATION_COMMENTS = YES;
				CLANG_WARN_EMPTY_BODY = YES;
				CLANG_WARN_ENUM_CONVERSION = YES;
				CLANG_WARN_INFINITE_RECURSION = YES;
				CLANG_WARN_INT_CONVERSION = YES;
				CLANG_WARN_NON_LITERAL_NULL_CONVERSION = YES;
				CLANG_WARN_OBJC_IMPLICIT_RETAIN_SELF = YES;
				CLANG_WARN_OBJC_LITERAL_CONVERSION = YES;
				CLANG_WARN_OBJC_ROOT_CLASS = YES_ERROR;
				CLANG_WARN_RANGE_LOOP_ANALYSIS = YES;
				CLANG_WARN_STRICT_PROTOTYPES = YES;
				CLANG_WARN_SUSPICIOUS_MOVE = YES;
				CLANG_WARN_UNGUARDED_AVAILABILITY = YES_AGGRESSIVE;
				CLANG_WARN_UNREACHABLE_CODE = YES;
				CLANG_WARN__DUPLICATE_METHOD_MATCH = YES;
				COPY_PHASE_STRIP = NO;
				DEBUG_INFORMATION_FORMAT = "dwarf-with-dsym";
				ENABLE_NS_ASSERTIONS = NO;
				ENABLE_STRICT_OBJC_MSGSEND = YES;
				GCC_C_LANGUAGE_STANDARD = gnu11;
				GCC_NO_COMMON_BLOCKS = YES;
				GCC_WARN_64_TO_32_BIT_CONVERSION = YES;
				GCC_WARN_ABOUT_RETURN_TYPE = YES_ERROR;
				GCC_WARN_UNDECLARED_SELECTOR = YES;
				GCC_WARN_UNINITIALIZED_AUTOS = YES_AGGRESSIVE;
				GCC_WARN_UNUSED_FUNCTION = YES;
				GCC_WARN_UNUSED_VARIABLE = YES;
				IPHONEOS_DEPLOYMENT_TARGET = 13.2;
				MTL_ENABLE_DEBUG_INFO = NO;
				MTL_FAST_MATH = YES;
				SDKROOT = iphoneos;
				SWIFT_COMPILATION_MODE = wholemodule;
				SWIFT_OPTIMIZATION_LEVEL = "-O";
				VALIDATE_PRODUCT = YES;
			};
			name = Release;
		};
		6BB4294123D89301008246D2 /* Debug */ = {
			isa = XCBuildConfiguration;
			baseConfigurationReference = 61CED8C9C11F29DF71BF7C5D /* Pods-K3.debug.xcconfig */;
			buildSettings = {
				ASSETCATALOG_COMPILER_APPICON_NAME = AppIcon;
				CODE_SIGN_STYLE = Automatic;
				DEVELOPMENT_TEAM = H9FL6Z93F8;
				INFOPLIST_FILE = K3/Info.plist;
				LD_RUNPATH_SEARCH_PATHS = (
					"$(inherited)",
					"@executable_path/Frameworks",
				);
				PRODUCT_BUNDLE_IDENTIFIER = com.test.K3.app;
				PRODUCT_NAME = "$(TARGET_NAME)";
				SWIFT_VERSION = 5.0;
				TARGETED_DEVICE_FAMILY = "1,2";
			};
			name = Debug;
		};
		6BB4294223D89301008246D2 /* Release */ = {
			isa = XCBuildConfiguration;
			baseConfigurationReference = B5F388CF6741BA6CF94E6187 /* Pods-K3.release.xcconfig */;
			buildSettings = {
				ASSETCATALOG_COMPILER_APPICON_NAME = AppIcon;
				CODE_SIGN_STYLE = Automatic;
				DEVELOPMENT_TEAM = H9FL6Z93F8;
				INFOPLIST_FILE = K3/Info.plist;
				LD_RUNPATH_SEARCH_PATHS = (
					"$(inherited)",
					"@executable_path/Frameworks",
				);
				PRODUCT_BUNDLE_IDENTIFIER = com.test.K3.app;
				PRODUCT_NAME = "$(TARGET_NAME)";
				SWIFT_VERSION = 5.0;
				TARGETED_DEVICE_FAMILY = "1,2";
			};
			name = Release;
		};
/* End XCBuildConfiguration section */

/* Begin XCConfigurationList section */
		6BB4292723D89300008246D2 /* Build configuration list for PBXProject "K3" */ = {
			isa = XCConfigurationList;
			buildConfigurations = (
				6BB4293E23D89301008246D2 /* Debug */,
				6BB4293F23D89301008246D2 /* Release */,
			);
			defaultConfigurationIsVisible = 0;
			defaultConfigurationName = Release;
		};
		6BB4294023D89301008246D2 /* Build configuration list for PBXNativeTarget "K3" */ = {
			isa = XCConfigurationList;
			buildConfigurations = (
				6BB4294123D89301008246D2 /* Debug */,
				6BB4294223D89301008246D2 /* Release */,
			);
			defaultConfigurationIsVisible = 0;
			defaultConfigurationName = Release;
		};
/* End XCConfigurationList section */
	};
	rootObject = 6BB4292423D89300008246D2 /* Project object */;
}
